
Microsoft Visual Studio Solution File, Format Version 12.00
# Visual Studio Version 16
VisualStudioVersion = 16.0.32901.82
MinimumVisualStudioVersion = 10.0.40219.1
Project("{8BC9CEB8-8B4A-11D0-8D11-00A0C91BC942}") = "CS580HW5", "CS580HW5.vcxproj", "{ACFB8BE2-8BF4-4124-A69A-2B83F1A37C41}"
EndProject
Global
	GlobalSection(SolutionConfigurationPlatforms) = preSolution
		Debug|x86 = Debug|x86
		Release|x86 = Release|x86
	EndGlobalSection
	GlobalSection(ProjectConfigurationPlatforms) = postSolution
		{ACFB8BE2-8BF4-4124-A69A-2B83F1A37C41}.Debug|x86.ActiveCfg = Debug|Win32
		{ACFB8BE2-8BF4-4124-A69A-2B83F1A37C41}.Debug|x86.Build.0 = Debug|Win32
		{ACFB8BE2-8BF4-4124-A69A-2B83F1A37C41}.Release|x86.ActiveCfg = Release|Win32
		{ACFB8BE2-8BF4-4124-A69A-2B83F1A37C41}.Release|x86.Build.0 = Release|Win32
	EndGlobalSection
	GlobalSection(SolutionProperties) = preSolution
		HideSolutionNode = FALSE
	EndGlobalSection
	GlobalSection(ExtensibilityGlobals) = postSolution
		SolutionGuid = {EACB18EC-A4F8-45B6-AAFA-091887AA8B57}
	EndGlobalSection
EndGlobal
